
Microsoft Visual Studio Solution File, Format Version 12.00
# Visual Studio Version 17
VisualStudioVersion = 17.5.002.0
MinimumVisualStudioVersion = 10.0.40219.1
Project("{9A19103F-16F7-4668-BE54-9A1E7A4F7556}") = "e-commerce-course-api", "e-commerce-course-api.csproj", "{27B4048C-D5F6-49B2-904A-9B396F42F94E}"
EndProject
Global
	GlobalSection(SolutionConfigurationPlatforms) = preSolution
		Debug|Any CPU = Debug|Any CPU
		Release|Any CPU = Release|Any CPU
	EndGlobalSection
	GlobalSection(ProjectConfigurationPlatforms) = postSolution
		{27B4048C-D5F6-49B2-904A-9B396F42F94E}.Debug|Any CPU.ActiveCfg = Debug|Any CPU
		{27B4048C-D5F6-49B2-904A-9B396F42F94E}.Debug|Any CPU.Build.0 = Debug|Any CPU
		{27B4048C-D5F6-49B2-904A-9B396F42F94E}.Release|Any CPU.ActiveCfg = Release|Any CPU
		{27B4048C-D5F6-49B2-904A-9B396F42F94E}.Release|Any CPU.Build.0 = Release|Any CPU
	EndGlobalSection
	GlobalSection(SolutionProperties) = preSolution
		HideSolutionNode = FALSE
	EndGlobalSection
	GlobalSection(ExtensibilityGlobals) = postSolution
		SolutionGuid = {67D53F65-2040-4459-8642-E7D0EB76CFF3}
	EndGlobalSection
EndGlobal
